
Microsoft Visual Studio Solution File, Format Version 12.00
# Visual Studio Version 17
VisualStudioVersion = 17.2.32616.157
MinimumVisualStudioVersion = 10.0.40219.1
Project("{FAE04EC0-301F-11D3-BF4B-00C04F79EFBC}") = "UbikeService", "UbikeService\UbikeService.csproj", "{8CE8530F-B74F-42D7-A577-ECAE2ADE5110}"
EndProject
Project("{FAE04EC0-301F-11D3-BF4B-00C04F79EFBC}") = "UbikeWeb", "UbikeWeb\UbikeWeb.csproj", "{1451662D-7E14-49A6-A675-85572258002B}"
EndProject
Global
	GlobalSection(SolutionConfigurationPlatforms) = preSolution
		Debug|Any CPU = Debug|Any CPU
		Release|Any CPU = Release|Any CPU
	EndGlobalSection
	GlobalSection(ProjectConfigurationPlatforms) = postSolution
		{8CE8530F-B74F-42D7-A577-ECAE2ADE5110}.Debug|Any CPU.ActiveCfg = Debug|Any CPU
		{8CE8530F-B74F-42D7-A577-ECAE2ADE5110}.Debug|Any CPU.Build.0 = Debug|Any CPU
		{8CE8530F-B74F-42D7-A577-ECAE2ADE5110}.Release|Any CPU.ActiveCfg = Release|Any CPU
		{8CE8530F-B74F-42D7-A577-ECAE2ADE5110}.Release|Any CPU.Build.0 = Release|Any CPU
		{1451662D-7E14-49A6-A675-85572258002B}.Debug|Any CPU.ActiveCfg = Debug|Any CPU
		{1451662D-7E14-49A6-A675-85572258002B}.Debug|Any CPU.Build.0 = Debug|Any CPU
		{1451662D-7E14-49A6-A675-85572258002B}.Release|Any CPU.ActiveCfg = Release|Any CPU
		{1451662D-7E14-49A6-A675-85572258002B}.Release|Any CPU.Build.0 = Release|Any CPU
	EndGlobalSection
	GlobalSection(SolutionProperties) = preSolution
		HideSolutionNode = FALSE
	EndGlobalSection
	GlobalSection(ExtensibilityGlobals) = postSolution
		SolutionGuid = {A358BBB4-FB9B-4B28-A0DD-3BD7E3C3AC7F}
	EndGlobalSection
EndGlobal
